
Microsoft Visual Studio Solution File, Format Version 12.00
# Visual Studio Version 16
VisualStudioVersion = 16.0.31515.178
MinimumVisualStudioVersion = 10.0.40219.1
Project("{FAE04EC0-301F-11D3-BF4B-00C04F79EFBC}") = "my-books", "my-books\my-books.csproj", "{5763CAEB-0516-4606-BD60-D0E8B10867B0}"
EndProject
Global
	GlobalSection(SolutionConfigurationPlatforms) = preSolution
		Debug|Any CPU = Debug|Any CPU
		Release|Any CPU = Release|Any CPU
	EndGlobalSection
	GlobalSection(ProjectConfigurationPlatforms) = postSolution
		{5763CAEB-0516-4606-BD60-D0E8B10867B0}.Debug|Any CPU.ActiveCfg = Debug|Any CPU
		{5763CAEB-0516-4606-BD60-D0E8B10867B0}.Debug|Any CPU.Build.0 = Debug|Any CPU
		{5763CAEB-0516-4606-BD60-D0E8B10867B0}.Release|Any CPU.ActiveCfg = Release|Any CPU
		{5763CAEB-0516-4606-BD60-D0E8B10867B0}.Release|Any CPU.Build.0 = Release|Any CPU
	EndGlobalSection
	GlobalSection(SolutionProperties) = preSolution
		HideSolutionNode = FALSE
	EndGlobalSection
	GlobalSection(ExtensibilityGlobals) = postSolution
		SolutionGuid = {76997E8F-0A37-49AA-ABFF-6E41396ABFF7}
	EndGlobalSection
EndGlobal
